
Microsoft Visual Studio Solution File, Format Version 12.00
# Visual Studio Version 16
VisualStudioVersion = 16.0.29418.71
MinimumVisualStudioVersion = 15.0.26124.0
Project("{9A19103F-16F7-4668-BE54-9A1E7A4F7556}") = "NLayersApp.SampleProject", "NLayersApp.SampleProject\NLayersApp.SampleProject.csproj", "{E1D1F763-D457-442A-9433-FF7DDA219F4F}"
EndProject
Project("{9A19103F-16F7-4668-BE54-9A1E7A4F7556}") = "NLayersApp.SampleProject.Tests", "NLayersApp.SampleProject.Tests\NLayersApp.SampleProject.Tests.csproj", "{D69FFC8C-E518-4D6E-B359-417AC2247E11}"
EndProject
Project("{9A19103F-16F7-4668-BE54-9A1E7A4F7556}") = "NLayersApp.SampleProject.Client", "NLayersApp.SampleProject.Client\NLayersApp.SampleProject.Client.csproj", "{2F14D7E6-45FD-4361-A617-77395FC49245}"
EndProject
Project("{2150E333-8FDC-42A3-9474-1A3956D46DE8}") = "Solution Items", "Solution Items", "{FCB6D469-CE57-4B37-A49A-BEBC834798F9}"
	ProjectSection(SolutionItems) = preProject
		.env = .env
		docker-compose.yml = docker-compose.yml
		DockerFile = DockerFile
		Nuget.Config = Nuget.Config
	EndProjectSection
EndProject
Project("{9A19103F-16F7-4668-BE54-9A1E7A4F7556}") = "NLayersApp.Authorization", "NLayersApp.Authorization\NLayersApp.Authorization.csproj", "{2A43CDB0-BA81-425E-91F2-5F2BB3B8FE0D}"
EndProject
Project("{9A19103F-16F7-4668-BE54-9A1E7A4F7556}") = "NLayersApp.Controllers", "..\NLayersApp.Controllers\NLayersApp.Controllers\NLayersApp.Controllers.csproj", "{30C22CEE-FA9E-47B4-8866-2635BAD38F6A}"
EndProject
Project("{FAE04EC0-301F-11D3-BF4B-00C04F79EFBC}") = "NLayersApp.DynamicPermissions", "NLayersApp.DynamicPermissions\NLayersApp.DynamicPermissions.csproj", "{1ED6AB22-6073-48FF-B02E-43672399D19A}"
EndProject
Global
	GlobalSection(SolutionConfigurationPlatforms) = preSolution
		Debug|Any CPU = Debug|Any CPU
		Debug|x64 = Debug|x64
		Debug|x86 = Debug|x86
		Release|Any CPU = Release|Any CPU
		Release|x64 = Release|x64
		Release|x86 = Release|x86
	EndGlobalSection
	GlobalSection(ProjectConfigurationPlatforms) = postSolution
		{E1D1F763-D457-442A-9433-FF7DDA219F4F}.Debug|Any CPU.ActiveCfg = Debug|Any CPU
		{E1D1F763-D457-442A-9433-FF7DDA219F4F}.Debug|Any CPU.Build.0 = Debug|Any CPU
		{E1D1F763-D457-442A-9433-FF7DDA219F4F}.Debug|x64.ActiveCfg = Debug|Any CPU
		{E1D1F763-D457-442A-9433-FF7DDA219F4F}.Debug|x64.Build.0 = Debug|Any CPU
		{E1D1F763-D457-442A-9433-FF7DDA219F4F}.Debug|x86.ActiveCfg = Debug|Any CPU
		{E1D1F763-D457-442A-9433-FF7DDA219F4F}.Debug|x86.Build.0 = Debug|Any CPU
		{E1D1F763-D457-442A-9433-FF7DDA219F4F}.Release|Any CPU.ActiveCfg = Release|Any CPU
		{E1D1F763-D457-442A-9433-FF7DDA219F4F}.Release|Any CPU.Build.0 = Release|Any CPU
		{E1D1F763-D457-442A-9433-FF7DDA219F4F}.Release|x64.ActiveCfg = Release|Any CPU
		{E1D1F763-D457-442A-9433-FF7DDA219F4F}.Release|x64.Build.0 = Release|Any CPU
		{E1D1F763-D457-442A-9433-FF7DDA219F4F}.Release|x86.ActiveCfg = Release|Any CPU
		{E1D1F763-D457-442A-9433-FF7DDA219F4F}.Release|x86.Build.0 = Release|Any CPU
		{D69FFC8C-E518-4D6E-B359-417AC2247E11}.Debug|Any CPU.ActiveCfg = Debug|Any CPU
		{D69FFC8C-E518-4D6E-B359-417AC2247E11}.Debug|Any CPU.Build.0 = Debug|Any CPU
		{D69FFC8C-E518-4D6E-B359-417AC2247E11}.Debug|x64.ActiveCfg = Debug|Any CPU
		{D69FFC8C-E518-4D6E-B359-417AC2247E11}.Debug|x64.Build.0 = Debug|Any CPU
		{D69FFC8C-E518-4D6E-B359-417AC2247E11}.Debug|x86.ActiveCfg = Debug|Any CPU
		{D69FFC8C-E518-4D6E-B359-417AC2247E11}.Debug|x86.Build.0 = Debug|Any CPU
		{D69FFC8C-E518-4D6E-B359-417AC2247E11}.Release|Any CPU.ActiveCfg = Release|Any CPU
		{D69FFC8C-E518-4D6E-B359-417AC2247E11}.Release|Any CPU.Build.0 = Release|Any CPU
		{D69FFC8C-E518-4D6E-B359-417AC2247E11}.Release|x64.ActiveCfg = Release|Any CPU
		{D69FFC8C-E518-4D6E-B359-417AC2247E11}.Release|x64.Build.0 = Release|Any CPU
		{D69FFC8C-E518-4D6E-B359-417AC2247E11}.Release|x86.ActiveCfg = Release|Any CPU
		{D69FFC8C-E518-4D6E-B359-417AC2247E11}.Release|x86.Build.0 = Release|Any CPU
		{2F14D7E6-45FD-4361-A617-77395FC49245}.Debug|Any CPU.ActiveCfg = Debug|Any CPU
		{2F14D7E6-45FD-4361-A617-77395FC49245}.Debug|Any CPU.Build.0 = Debug|Any CPU
		{2F14D7E6-45FD-4361-A617-77395FC49245}.Debug|x64.ActiveCfg = Debug|Any CPU
		{2F14D7E6-45FD-4361-A617-77395FC49245}.Debug|x64.Build.0 = Debug|Any CPU
		{2F14D7E6-45FD-4361-A617-77395FC49245}.Debug|x86.ActiveCfg = Debug|Any CPU
		{2F14D7E6-45FD-4361-A617-77395FC49245}.Debug|x86.Build.0 = Debug|Any CPU
		{2F14D7E6-45FD-4361-A617-77395FC49245}.Release|Any CPU.ActiveCfg = Release|Any CPU
		{2F14D7E6-45FD-4361-A617-77395FC49245}.Release|Any CPU.Build.0 = Release|Any CPU
		{2F14D7E6-45FD-4361-A617-77395FC49245}.Release|x64.ActiveCfg = Release|Any CPU
		{2F14D7E6-45FD-4361-A617-77395FC49245}.Release|x64.Build.0 = Release|Any CPU
		{2F14D7E6-45FD-4361-A617-77395FC49245}.Release|x86.ActiveCfg = Release|Any CPU
		{2F14D7E6-45FD-4361-A617-77395FC49245}.Release|x86.Build.0 = Release|Any CPU
		{2A43CDB0-BA81-425E-91F2-5F2BB3B8FE0D}.Debug|Any CPU.ActiveCfg = Debug|Any CPU
		{2A43CDB0-BA81-425E-91F2-5F2BB3B8FE0D}.Debug|Any CPU.Build.0 = Debug|Any CPU
		{2A43CDB0-BA81-425E-91F2-5F2BB3B8FE0D}.Debug|x64.ActiveCfg = Debug|Any CPU
		{2A43CDB0-BA81-425E-91F2-5F2BB3B8FE0D}.Debug|x64.Build.0 = Debug|Any CPU
		{2A43CDB0-BA81-425E-91F2-5F2BB3B8FE0D}.Debug|x86.ActiveCfg = Debug|Any CPU
		{2A43CDB0-BA81-425E-91F2-5F2BB3B8FE0D}.Debug|x86.Build.0 = Debug|Any CPU
		{2A43CDB0-BA81-425E-91F2-5F2BB3B8FE0D}.Release|Any CPU.ActiveCfg = Release|Any CPU
		{2A43CDB0-BA81-425E-91F2-5F2BB3B8FE0D}.Release|Any CPU.Build.0 = Release|Any CPU
		{2A43CDB0-BA81-425E-91F2-5F2BB3B8FE0D}.Release|x64.ActiveCfg = Release|Any CPU
		{2A43CDB0-BA81-425E-91F2-5F2BB3B8FE0D}.Release|x64.Build.0 = Release|Any CPU
		{2A43CDB0-BA81-425E-91F2-5F2BB3B8FE0D}.Release|x86.ActiveCfg = Release|Any CPU
		{2A43CDB0-BA81-425E-91F2-5F2BB3B8FE0D}.Release|x86.Build.0 = Release|Any CPU
		{30C22CEE-FA9E-47B4-8866-2635BAD38F6A}.Debug|Any CPU.ActiveCfg = Debug|Any CPU
		{30C22CEE-FA9E-47B4-8866-2635BAD38F6A}.Debug|Any CPU.Build.0 = Debug|Any CPU
		{30C22CEE-FA9E-47B4-8866-2635BAD38F6A}.Debug|x64.ActiveCfg = Debug|Any CPU
		{30C22CEE-FA9E-47B4-8866-2635BAD38F6A}.Debug|x64.Build.0 = Debug|Any CPU
		{30C22CEE-FA9E-47B4-8866-2635BAD38F6A}.Debug|x86.ActiveCfg = Debug|Any CPU
		{30C22CEE-FA9E-47B4-8866-2635BAD38F6A}.Debug|x86.Build.0 = Debug|Any CPU
		{30C22CEE-FA9E-47B4-8866-2635BAD38F6A}.Release|Any CPU.ActiveCfg = Release|Any CPU
		{30C22CEE-FA9E-47B4-8866-2635BAD38F6A}.Release|Any CPU.Build.0 = Release|Any CPU
		{30C22CEE-FA9E-47B4-8866-2635BAD38F6A}.Release|x64.ActiveCfg = Release|Any CPU
		{30C22CEE-FA9E-47B4-8866-2635BAD38F6A}.Release|x64.Build.0 = Release|Any CPU
		{30C22CEE-FA9E-47B4-8866-2635BAD38F6A}.Release|x86.ActiveCfg = Release|Any CPU
		{30C22CEE-FA9E-47B4-8866-2635BAD38F6A}.Release|x86.Build.0 = Release|Any CPU
		{1ED6AB22-6073-48FF-B02E-43672399D19A}.Debug|Any CPU.ActiveCfg = Debug|Any CPU
		{1ED6AB22-6073-48FF-B02E-43672399D19A}.Debug|Any CPU.Build.0 = Debug|Any CPU
		{1ED6AB22-6073-48FF-B02E-43672399D19A}.Debug|x64.ActiveCfg = Debug|Any CPU
		{1ED6AB22-6073-48FF-B02E-43672399D19A}.Debug|x64.Build.0 = Debug|Any CPU
		{1ED6AB22-6073-48FF-B02E-43672399D19A}.Debug|x86.ActiveCfg = Debug|Any CPU
		{1ED6AB22-6073-48FF-B02E-43672399D19A}.Debug|x86.Build.0 = Debug|Any CPU
		{1ED6AB22-6073-48FF-B02E-43672399D19A}.Release|Any CPU.ActiveCfg = Release|Any CPU
		{1ED6AB22-6073-48FF-B02E-43672399D19A}.Release|Any CPU.Build.0 = Release|Any CPU
		{1ED6AB22-6073-48FF-B02E-43672399D19A}.Release|x64.ActiveCfg = Release|Any CPU
		{1ED6AB22-6073-48FF-B02E-43672399D19A}.Release|x64.Build.0 = Release|Any CPU
		{1ED6AB22-6073-48FF-B02E-43672399D19A}.Release|x86.ActiveCfg = Release|Any CPU
		{1ED6AB22-6073-48FF-B02E-43672399D19A}.Release|x86.Build.0 = Release|Any CPU
	EndGlobalSection
	GlobalSection(SolutionProperties) = preSolution
		HideSolutionNode = FALSE
	EndGlobalSection
	GlobalSection(ExtensibilityGlobals) = postSolution
		SolutionGuid = {1E136F01-1CB3-4ECF-B01C-8EA2A860601C}
	EndGlobalSection
EndGlobal
